
Microsoft Visual Studio Solution File, Format Version 12.00
# Visual Studio 2013
VisualStudioVersion = 12.0.31101.0
MinimumVisualStudioVersion = 10.0.40219.1
Project("{FAE04EC0-301F-11D3-BF4B-00C04F79EFBC}") = "Cbw.Sever", "Cbw.Sever\Cbw.Sever.csproj", "{A75E0D6E-7191-4B7E-9A50-8BDB087CC8A4}"
EndProject
Project("{FAE04EC0-301F-11D3-BF4B-00C04F79EFBC}") = "Cbw.Show.WF", "Cbw.Show.WF\Cbw.Show.WF.csproj", "{45947B2F-B736-4C4A-AF69-F6A42DFE6E4A}"
EndProject
Project("{FAE04EC0-301F-11D3-BF4B-00C04F79EFBC}") = "Cbw.Client", "Cbw.Client\Cbw.Client.csproj", "{3BAD8C48-8DB5-4157-AD65-A6CAD004E531}"
EndProject
Project("{FAE04EC0-301F-11D3-BF4B-00C04F79EFBC}") = "Cbw.Show.Console", "Cbw.Show.Console\Cbw.Show.Console.csproj", "{E5034023-2CD2-48EE-9435-672171280DFF}"
EndProject
Project("{FAE04EC0-301F-11D3-BF4B-00C04F79EFBC}") = "Cbw.Input.Console", "Cbw.Input.Console\Cbw.Input.Console.csproj", "{8E7201F8-3250-441D-9E78-35ECCB6F34CE}"
EndProject
Global
	GlobalSection(SolutionConfigurationPlatforms) = preSolution
		Debug|Any CPU = Debug|Any CPU
		Release|Any CPU = Release|Any CPU
	EndGlobalSection
	GlobalSection(ProjectConfigurationPlatforms) = postSolution
		{A75E0D6E-7191-4B7E-9A50-8BDB087CC8A4}.Debug|Any CPU.ActiveCfg = Debug|Any CPU
		{A75E0D6E-7191-4B7E-9A50-8BDB087CC8A4}.Debug|Any CPU.Build.0 = Debug|Any CPU
		{A75E0D6E-7191-4B7E-9A50-8BDB087CC8A4}.Release|Any CPU.ActiveCfg = Release|Any CPU
		{A75E0D6E-7191-4B7E-9A50-8BDB087CC8A4}.Release|Any CPU.Build.0 = Release|Any CPU
		{45947B2F-B736-4C4A-AF69-F6A42DFE6E4A}.Debug|Any CPU.ActiveCfg = Debug|Any CPU
		{45947B2F-B736-4C4A-AF69-F6A42DFE6E4A}.Debug|Any CPU.Build.0 = Debug|Any CPU
		{45947B2F-B736-4C4A-AF69-F6A42DFE6E4A}.Release|Any CPU.ActiveCfg = Release|Any CPU
		{45947B2F-B736-4C4A-AF69-F6A42DFE6E4A}.Release|Any CPU.Build.0 = Release|Any CPU
		{3BAD8C48-8DB5-4157-AD65-A6CAD004E531}.Debug|Any CPU.ActiveCfg = Debug|Any CPU
		{3BAD8C48-8DB5-4157-AD65-A6CAD004E531}.Debug|Any CPU.Build.0 = Debug|Any CPU
		{3BAD8C48-8DB5-4157-AD65-A6CAD004E531}.Release|Any CPU.ActiveCfg = Release|Any CPU
		{3BAD8C48-8DB5-4157-AD65-A6CAD004E531}.Release|Any CPU.Build.0 = Release|Any CPU
		{E5034023-2CD2-48EE-9435-672171280DFF}.Debug|Any CPU.ActiveCfg = Debug|Any CPU
		{E5034023-2CD2-48EE-9435-672171280DFF}.Debug|Any CPU.Build.0 = Debug|Any CPU
		{E5034023-2CD2-48EE-9435-672171280DFF}.Release|Any CPU.ActiveCfg = Release|Any CPU
		{E5034023-2CD2-48EE-9435-672171280DFF}.Release|Any CPU.Build.0 = Release|Any CPU
		{8E7201F8-3250-441D-9E78-35ECCB6F34CE}.Debug|Any CPU.ActiveCfg = Debug|Any CPU
		{8E7201F8-3250-441D-9E78-35ECCB6F34CE}.Debug|Any CPU.Build.0 = Debug|Any CPU
		{8E7201F8-3250-441D-9E78-35ECCB6F34CE}.Release|Any CPU.ActiveCfg = Release|Any CPU
		{8E7201F8-3250-441D-9E78-35ECCB6F34CE}.Release|Any CPU.Build.0 = Release|Any CPU
	EndGlobalSection
	GlobalSection(SolutionProperties) = preSolution
		HideSolutionNode = FALSE
	EndGlobalSection
EndGlobal
